
Microsoft Visual Studio Solution File, Format Version 12.00
# Visual Studio Version 16
VisualStudioVersion = 16.0.29006.145
MinimumVisualStudioVersion = 10.0.40219.1
Project("{FAE04EC0-301F-11D3-BF4B-00C04F79EFBC}") = "HOI", "HOI\HOI.csproj", "{43F5A7A8-8EAF-42CB-8EDD-0EF79E9F0FC7}"
EndProject
Global
	GlobalSection(SolutionConfigurationPlatforms) = preSolution
		Debug|Any CPU = Debug|Any CPU
		Release|Any CPU = Release|Any CPU
	EndGlobalSection
	GlobalSection(ProjectConfigurationPlatforms) = postSolution
		{43F5A7A8-8EAF-42CB-8EDD-0EF79E9F0FC7}.Debug|Any CPU.ActiveCfg = Debug|Any CPU
		{43F5A7A8-8EAF-42CB-8EDD-0EF79E9F0FC7}.Debug|Any CPU.Build.0 = Debug|Any CPU
		{43F5A7A8-8EAF-42CB-8EDD-0EF79E9F0FC7}.Release|Any CPU.ActiveCfg = Release|Any CPU
		{43F5A7A8-8EAF-42CB-8EDD-0EF79E9F0FC7}.Release|Any CPU.Build.0 = Release|Any CPU
	EndGlobalSection
	GlobalSection(SolutionProperties) = preSolution
		HideSolutionNode = FALSE
	EndGlobalSection
	GlobalSection(ExtensibilityGlobals) = postSolution
		SolutionGuid = {0126C58B-B5A8-4675-A067-DB5878567C80}
	EndGlobalSection
EndGlobal
